
Microsoft Visual Studio Solution File, Format Version 12.00
# Visual Studio 15
VisualStudioVersion = 15.0.26228.9
MinimumVisualStudioVersion = 10.0.40219.1
Project("{9A19103F-16F7-4668-BE54-9A1E7A4F7556}") = "Configuration.EntityFramework.Samples", "Configuration.EntityFramework.Samples\Configuration.EntityFramework.Samples.csproj", "{938A6075-BC44-4B51-A71A-9FA9B8667F93}"
EndProject
Project("{9A19103F-16F7-4668-BE54-9A1E7A4F7556}") = "Configuration.EntityFramework", "..\src\Configuration.EntityFramework\Configuration.EntityFramework.csproj", "{BFB38E6E-6F3C-4892-90C2-33B22ABED893}"
EndProject
Global
	GlobalSection(SolutionConfigurationPlatforms) = preSolution
		Debug|Any CPU = Debug|Any CPU
		Release|Any CPU = Release|Any CPU
	EndGlobalSection
	GlobalSection(ProjectConfigurationPlatforms) = postSolution
		{938A6075-BC44-4B51-A71A-9FA9B8667F93}.Debug|Any CPU.ActiveCfg = Debug|Any CPU
		{938A6075-BC44-4B51-A71A-9FA9B8667F93}.Debug|Any CPU.Build.0 = Debug|Any CPU
		{938A6075-BC44-4B51-A71A-9FA9B8667F93}.Release|Any CPU.ActiveCfg = Release|Any CPU
		{938A6075-BC44-4B51-A71A-9FA9B8667F93}.Release|Any CPU.Build.0 = Release|Any CPU
		{BFB38E6E-6F3C-4892-90C2-33B22ABED893}.Debug|Any CPU.ActiveCfg = Debug|Any CPU
		{BFB38E6E-6F3C-4892-90C2-33B22ABED893}.Debug|Any CPU.Build.0 = Debug|Any CPU
		{BFB38E6E-6F3C-4892-90C2-33B22ABED893}.Release|Any CPU.ActiveCfg = Release|Any CPU
		{BFB38E6E-6F3C-4892-90C2-33B22ABED893}.Release|Any CPU.Build.0 = Release|Any CPU
	EndGlobalSection
	GlobalSection(SolutionProperties) = preSolution
		HideSolutionNode = FALSE
	EndGlobalSection
EndGlobal
